
Microsoft Visual Studio Solution File, Format Version 12.00
# Visual Studio Version 17
VisualStudioVersion = 17.5.33424.131
MinimumVisualStudioVersion = 10.0.40219.1
Project("{FAE04EC0-301F-11D3-BF4B-00C04F79EFBC}") = "FoodOrder", "FoodOrder.csproj", "{48550212-FDC8-46AE-B13B-440B5FAEBC5A}"
EndProject
Global
	GlobalSection(SolutionConfigurationPlatforms) = preSolution
		Debug|Any CPU = Debug|Any CPU
		Release|Any CPU = Release|Any CPU
	EndGlobalSection
	GlobalSection(ProjectConfigurationPlatforms) = postSolution
		{48550212-FDC8-46AE-B13B-440B5FAEBC5A}.Debug|Any CPU.ActiveCfg = Debug|Any CPU
		{48550212-FDC8-46AE-B13B-440B5FAEBC5A}.Debug|Any CPU.Build.0 = Debug|Any CPU
		{48550212-FDC8-46AE-B13B-440B5FAEBC5A}.Release|Any CPU.ActiveCfg = Release|Any CPU
		{48550212-FDC8-46AE-B13B-440B5FAEBC5A}.Release|Any CPU.Build.0 = Release|Any CPU
	EndGlobalSection
	GlobalSection(SolutionProperties) = preSolution
		HideSolutionNode = FALSE
	EndGlobalSection
	GlobalSection(ExtensibilityGlobals) = postSolution
		SolutionGuid = {5E5920C0-E6CE-466C-BA6C-FB72E00F00E6}
	EndGlobalSection
EndGlobal
